// !$*UTF8*$!
{
	archiveVersion = 1;
	classes = {
	};
	objectVersion = 46;
	objects = {

/* Begin PBXBuildFile section */
		AC54F1421C80DE7E00EF6EDA /* AppDelegate.swift in Sources */ = {isa = PBXBuildFile; fileRef = AC54F1411C80DE7E00EF6EDA /* AppDelegate.swift */; };
		AC54F1441C80DE7E00EF6EDA /* ViewController.swift in Sources */ = {isa = PBXBuildFile; fileRef = AC54F1431C80DE7E00EF6EDA /* ViewController.swift */; };
		AC54F1471C80DE7E00EF6EDA /* Main.storyboard in Resources */ = {isa = PBXBuildFile; fileRef = AC54F1451C80DE7E00EF6EDA /* Main.storyboard */; };
		AC54F1491C80DE7E00EF6EDA /* Assets.xcassets in Resources */ = {isa = PBXBuildFile; fileRef = AC54F1481C80DE7E00EF6EDA /* Assets.xcassets */; };
		AC54F14C1C80DE7E00EF6EDA /* LaunchScreen.storyboard in Resources */ = {isa = PBXBuildFile; fileRef = AC54F14A1C80DE7E00EF6EDA /* LaunchScreen.storyboard */; };
		AC54F1571C80DE7E00EF6EDA /* App2Tests.swift in Sources */ = {isa = PBXBuildFile; fileRef = AC54F1561C80DE7E00EF6EDA /* App2Tests.swift */; };
		AC54F1621C80DE7E00EF6EDA /* App2UITests.swift in Sources */ = {isa = PBXBuildFile; fileRef = AC54F1611C80DE7E00EF6EDA /* App2UITests.swift */; };
/* End PBXBuildFile section */

/* Begin PBXContainerItemProxy section */
		AC54F1531C80DE7E00EF6EDA /* PBXContainerItemProxy */ = {
			isa = PBXContainerItemProxy;
			containerPortal = AC54F1361C80DE7E00EF6EDA /* Project object */;
			proxyType = 1;
			remoteGlobalIDString = AC54F13D1C80DE7E00EF6EDA;
			remoteInfo = App2;
		};
		AC54F15E1C80DE7E00EF6EDA /* PBXContainerItemProxy */ = {
			isa = PBXContainerItemProxy;
			containerPortal = AC54F1361C80DE7E00EF6EDA /* Project object */;
			proxyType = 1;
			remoteGlobalIDString = AC54F13D1C80DE7E00EF6EDA;
			remoteInfo = App2;
		};
/* End PBXContainerItemProxy section */

/* Begin PBXFileReference section */
		AC54F13E1C80DE7E00EF6EDA /* App2.app */ = {isa = PBXFileReference; explicitFileType = wrapper.application; includeInIndex = 0; path = App2.app; sourceTree = BUILT_PRODUCTS_DIR; };
		AC54F1411C80DE7E00EF6EDA /* AppDelegate.swift */ = {isa = PBXFileReference; lastKnownFileType = sourcecode.swift; path = AppDelegate.swift; sourceTree = "<group>"; };
		AC54F1431C80DE7E00EF6EDA /* ViewController.swift */ = {isa = PBXFileReference; lastKnownFileType = sourcecode.swift; path = ViewController.swift; sourceTree = "<group>"; };
		AC54F1461C80DE7E00EF6EDA /* Base */ = {isa = PBXFileReference; lastKnownFileType = file.storyboard; name = Base; path = Base.lproj/Main.storyboard; sourceTree = "<group>"; };
		AC54F1481C80DE7E00EF6EDA /* Assets.xcassets */ = {isa = PBXFileReference; lastKnownFileType = folder.assetcatalog; path = Assets.xcassets; sourceTree = "<group>"; };
		AC54F14B1C80DE7E00EF6EDA /* Base */ = {isa = PBXFileReference; lastKnownFileType = file.storyboard; name = Base; path = Base.lproj/LaunchScreen.storyboard; sourceTree = "<group>"; };
		AC54F14D1C80DE7E00EF6EDA /* Info.plist */ = {isa = PBXFileReference; lastKnownFileType = text.plist.xml; path = Info.plist; sourceTree = "<group>"; };
		AC54F1521C80DE7E00EF6EDA /* App2Tests.xctest */ = {isa = PBXFileReference; explicitFileType = wrapper.cfbundle; includeInIndex = 0; path = App2Tests.xctest; sourceTree = BUILT_PRODUCTS_DIR; };
		AC54F1561C80DE7E00EF6EDA /* App2Tests.swift */ = {isa = PBXFileReference; lastKnownFileType = sourcecode.swift; path = App2Tests.swift; sourceTree = "<group>"; };
		AC54F1581C80DE7E00EF6EDA /* Info.plist */ = {isa = PBXFileReference; lastKnownFileType = text.plist.xml; path = Info.plist; sourceTree = "<group>"; };
		AC54F15D1C80DE7E00EF6EDA /* App2UITests.xctest */ = {isa = PBXFileReference; explicitFileType = wrapper.cfbundle; includeInIndex = 0; path = App2UITests.xctest; sourceTree = BUILT_PRODUCTS_DIR; };
		AC54F1611C80DE7E00EF6EDA /* App2UITests.swift */ = {isa = PBXFileReference; lastKnownFileType = sourcecode.swift; path = App2UITests.swift; sourceTree = "<group>"; };
		AC54F1631C80DE7E00EF6EDA /* Info.plist */ = {isa = PBXFileReference; lastKnownFileType = text.plist.xml; path = Info.plist; sourceTree = "<group>"; };
/* End PBXFileReference section */

/* Begin PBXFrameworksBuildPhase section */
		AC54F13B1C80DE7E00EF6EDA /* Frameworks */ = {
			isa = PBXFrameworksBuildPhase;
			buildActionMask = 2147483647;
			files = (
			);
			runOnlyForDeploymentPostprocessing = 0;
		};
		AC54F14F1C80DE7E00EF6EDA /* Frameworks */ = {
			isa = PBXFrameworksBuildPhase;
			buildActionMask = 2147483647;
			files = (
			);
			runOnlyForDeploymentPostprocessing = 0;
		};
		AC54F15A1C80DE7E00EF6EDA /* Frameworks */ = {
			isa = PBXFrameworksBuildPhase;
			buildActionMask = 2147483647;
			files = (
			);
			runOnlyForDeploymentPostprocessing = 0;
		};
/* End PBXFrameworksBuildPhase section */

/* Begin PBXGroup section */
		AC54F1351C80DE7E00EF6EDA = {
			isa = PBXGroup;
			children = (
				AC54F1401C80DE7E00EF6EDA /* App2 */,
				AC54F1551C80DE7E00EF6EDA /* App2Tests */,
				AC54F1601C80DE7E00EF6EDA /* App2UITests */,
				AC54F13F1C80DE7E00EF6EDA /* Products */,
			);
			sourceTree = "<group>";
		};
		AC54F13F1C80DE7E00EF6EDA /* Products */ = {
			isa = PBXGroup;
			children = (
				AC54F13E1C80DE7E00EF6EDA /* App2.app */,
				AC54F1521C80DE7E00EF6EDA /* App2Tests.xctest */,
				AC54F15D1C80DE7E00EF6EDA /* App2UITests.xctest */,
			);
			name = Products;
			sourceTree = "<group>";
		};
		AC54F1401C80DE7E00EF6EDA /* App2 */ = {
			isa = PBXGroup;
			children = (
				AC54F1411C80DE7E00EF6EDA /* AppDelegate.swift */,
				AC54F1431C80DE7E00EF6EDA /* ViewController.swift */,
				AC54F1451C80DE7E00EF6EDA /* Main.storyboard */,
				AC54F1481C80DE7E00EF6EDA /* Assets.xcassets */,
				AC54F14A1C80DE7E00EF6EDA /* LaunchScreen.storyboard */,
				AC54F14D1C80DE7E00EF6EDA /* Info.plist */,
			);
			path = App2;
			sourceTree = "<group>";
		};
		AC54F1551C80DE7E00EF6EDA /* App2Tests */ = {
			isa = PBXGroup;
			children = (
				AC54F1561C80DE7E00EF6EDA /* App2Tests.swift */,
				AC54F1581C80DE7E00EF6EDA /* Info.plist */,
			);
			path = App2Tests;
			sourceTree = "<group>";
		};
		AC54F1601C80DE7E00EF6EDA /* App2UITests */ = {
			isa = PBXGroup;
			children = (
				AC54F1611C80DE7E00EF6EDA /* App2UITests.swift */,
				AC54F1631C80DE7E00EF6EDA /* Info.plist */,
			);
			path = App2UITests;
			sourceTree = "<group>";
		};
/* End PBXGroup section */

/* Begin PBXNativeTarget section */
		AC54F13D1C80DE7E00EF6EDA /* App2 */ = {
			isa = PBXNativeTarget;
			buildConfigurationList = AC54F1661C80DE7E00EF6EDA /* Build configuration list for PBXNativeTarget "App2" */;
			buildPhases = (
				AC54F13A1C80DE7E00EF6EDA /* Sources */,
				AC54F13B1C80DE7E00EF6EDA /* Frameworks */,
				AC54F13C1C80DE7E00EF6EDA /* Resources */,
			);
			buildRules = (
			);
			dependencies = (
			);
			name = App2;
			productName = App2;
			productReference = AC54F13E1C80DE7E00EF6EDA /* App2.app */;
			productType = "com.apple.product-type.application";
		};
		AC54F1511C80DE7E00EF6EDA /* App2Tests */ = {
			isa = PBXNativeTarget;
			buildConfigurationList = AC54F1691C80DE7E00EF6EDA /* Build configuration list for PBXNativeTarget "App2Tests" */;
			buildPhases = (
				AC54F14E1C80DE7E00EF6EDA /* Sources */,
				AC54F14F1C80DE7E00EF6EDA /* Frameworks */,
				AC54F1501C80DE7E00EF6EDA /* Resources */,
			);
			buildRules = (
			);
			dependencies = (
				AC54F1541C80DE7E00EF6EDA /* PBXTargetDependency */,
			);
			name = App2Tests;
			productName = App2Tests;
			productReference = AC54F1521C80DE7E00EF6EDA /* App2Tests.xctest */;
			productType = "com.apple.product-type.bundle.unit-test";
		};
		AC54F15C1C80DE7E00EF6EDA /* App2UITests */ = {
			isa = PBXNativeTarget;
			buildConfigurationList = AC54F16C1C80DE7E00EF6EDA /* Build configuration list for PBXNativeTarget "App2UITests" */;
			buildPhases = (
				AC54F1591C80DE7E00EF6EDA /* Sources */,
				AC54F15A1C80DE7E00EF6EDA /* Frameworks */,
				AC54F15B1C80DE7E00EF6EDA /* Resources */,
			);
			buildRules = (
			);
			dependencies = (
				AC54F15F1C80DE7E00EF6EDA /* PBXTargetDependency */,
			);
			name = App2UITests;
			productName = App2UITests;
			productReference = AC54F15D1C80DE7E00EF6EDA /* App2UITests.xctest */;
			productType = "com.apple.product-type.bundle.ui-testing";
		};
/* End PBXNativeTarget section */

/* Begin PBXProject section */
		AC54F1361C80DE7E00EF6EDA /* Project object */ = {
			isa = PBXProject;
			attributes = {
				LastSwiftUpdateCheck = 0720;
				LastUpgradeCheck = 0720;
				ORGANIZATIONNAME = 206STUDENT;
				TargetAttributes = {
					AC54F13D1C80DE7E00EF6EDA = {
						CreatedOnToolsVersion = 7.2.1;
					};
					AC54F1511C80DE7E00EF6EDA = {
						CreatedOnToolsVersion = 7.2.1;
						TestTargetID = AC54F13D1C80DE7E00EF6EDA;
					};
					AC54F15C1C80DE7E00EF6EDA = {
						CreatedOnToolsVersion = 7.2.1;
						TestTargetID = AC54F13D1C80DE7E00EF6EDA;
					};
				};
			};
			buildConfigurationList = AC54F1391C80DE7E00EF6EDA /* Build configuration list for PBXProject "App2" */;
			compatibilityVersion = "Xcode 3.2";
			developmentRegion = English;
			hasScannedForEncodings = 0;
			knownRegions = (
				en,
				Base,
			);
			mainGroup = AC54F1351C80DE7E00EF6EDA;
			productRefGroup = AC54F13F1C80DE7E00EF6EDA /* Products */;
			projectDirPath = "";
			projectRoot = "";
			targets = (
				AC54F13D1C80DE7E00EF6EDA /* App2 */,
				AC54F1511C80DE7E00EF6EDA /* App2Tests */,
				AC54F15C1C80DE7E00EF6EDA /* App2UITests */,
			);
		};
/* End PBXProject section */

/* Begin PBXResourcesBuildPhase section */
		AC54F13C1C80DE7E00EF6EDA /* Resources */ = {
			isa = PBXResourcesBuildPhase;
			buildActionMask = 2147483647;
			files = (
				AC54F14C1C80DE7E00EF6EDA /* LaunchScreen.storyboard in Resources */,
				AC54F1491C80DE7E00EF6EDA /* Assets.xcassets in Resources */,
				AC54F1471C80DE7E00EF6EDA /* Main.storyboard in Resources */,
			);
			runOnlyForDeploymentPostprocessing = 0;
		};
		AC54F1501C80DE7E00EF6EDA /* Resources */ = {
			isa = PBXResourcesBuildPhase;
			buildActionMask = 2147483647;
			files = (
			);
			runOnlyForDeploymentPostprocessing = 0;
		};
		AC54F15B1C80DE7E00EF6EDA /* Resources */ = {
			isa = PBXResourcesBuildPhase;
			buildActionMask = 2147483647;
			files = (
			);
			runOnlyForDeploymentPostprocessing = 0;
		};
/* End PBXResourcesBuildPhase section */

/* Begin PBXSourcesBuildPhase section */
		AC54F13A1C80DE7E00EF6EDA /* Sources */ = {
			isa = PBXSourcesBuildPhase;
			buildActionMask = 2147483647;
			files = (
				AC54F1441C80DE7E00EF6EDA /* ViewController.swift in Sources */,
				AC54F1421C80DE7E00EF6EDA /* AppDelegate.swift in Sources */,
			);
			runOnlyForDeploymentPostprocessing = 0;
		};
		AC54F14E1C80DE7E00EF6EDA /* Sources */ = {
			isa = PBXSourcesBuildPhase;
			buildActionMask = 2147483647;
			files = (
				AC54F1571C80DE7E00EF6EDA /* App2Tests.swift in Sources */,
			);
			runOnlyForDeploymentPostprocessing = 0;
		};
		AC54F1591C80DE7E00EF6EDA /* Sources */ = {
			isa = PBXSourcesBuildPhase;
			buildActionMask = 2147483647;
			files = (
				AC54F1621C80DE7E00EF6EDA /* App2UITests.swift in Sources */,
			);
			runOnlyForDeploymentPostprocessing = 0;
		};
/* End PBXSourcesBuildPhase section */

/* Begin PBXTargetDependency section */
		AC54F1541C80DE7E00EF6EDA /* PBXTargetDependency */ = {
			isa = PBXTargetDependency;
			target = AC54F13D1C80DE7E00EF6EDA /* App2 */;
			targetProxy = AC54F1531C80DE7E00EF6EDA /* PBXContainerItemProxy */;
		};
		AC54F15F1C80DE7E00EF6EDA /* PBXTargetDependency */ = {
			isa = PBXTargetDependency;
			target = AC54F13D1C80DE7E00EF6EDA /* App2 */;
			targetProxy = AC54F15E1C80DE7E00EF6EDA /* PBXContainerItemProxy */;
		};
/* End PBXTargetDependency section */

/* Begin PBXVariantGroup section */
		AC54F1451C80DE7E00EF6EDA /* Main.storyboard */ = {
			isa = PBXVariantGroup;
			children = (
				AC54F1461C80DE7E00EF6EDA /* Base */,
			);
			name = Main.storyboard;
			sourceTree = "<group>";
		};
		AC54F14A1C80DE7E00EF6EDA /* LaunchScreen.storyboard */ = {
			isa = PBXVariantGroup;
			children = (
				AC54F14B1C80DE7E00EF6EDA /* Base */,
			);
			name = LaunchScreen.storyboard;
			sourceTree = "<group>";
		};
/* End PBXVariantGroup section */

/* Begin XCBuildConfiguration section */
		AC54F1641C80DE7E00EF6EDA /* Debug */ = {
			isa = XCBuildConfiguration;
			buildSettings = {
				ALWAYS_SEARCH_USER_PATHS = NO;
				CLANG_CXX_LANGUAGE_STANDARD = "gnu++0x";
				CLANG_CXX_LIBRARY = "libc++";
				CLANG_ENABLE_MODULES = YES;
				CLANG_ENABLE_OBJC_ARC = YES;
				CLANG_WARN_BOOL_CONVERSION = YES;
				CLANG_WARN_CONSTANT_CONVERSION = YES;
				CLANG_WARN_DIRECT_OBJC_ISA_USAGE = YES_ERROR;
				CLANG_WARN_EMPTY_BODY = YES;
				CLANG_WARN_ENUM_CONVERSION = YES;
				CLANG_WARN_INT_CONVERSION = YES;
				CLANG_WARN_OBJC_ROOT_CLASS = YES_ERROR;
				CLANG_WARN_UNREACHABLE_CODE = YES;
				CLANG_WARN__DUPLICATE_METHOD_MATCH = YES;
				"CODE_SIGN_IDENTITY[sdk=iphoneos*]" = "iPhone Developer";
				COPY_PHASE_STRIP = NO;
				DEBUG_INFORMATION_FORMAT = dwarf;
				ENABLE_STRICT_OBJC_MSGSEND = YES;
				ENABLE_TESTABILITY = YES;
				GCC_C_LANGUAGE_STANDARD = gnu99;
				GCC_DYNAMIC_NO_PIC = NO;
				GCC_NO_COMMON_BLOCKS = YES;
				GCC_OPTIMIZATION_LEVEL = 0;
				GCC_PREPROCESSOR_DEFINITIONS = (
					"DEBUG=1",
					"$(inherited)",
				);
				GCC_WARN_64_TO_32_BIT_CONVERSION = YES;
				GCC_WARN_ABOUT_RETURN_TYPE = YES_ERROR;
				GCC_WARN_UNDECLARED_SELECTOR = YES;
				GCC_WARN_UNINITIALIZED_AUTOS = YES_AGGRESSIVE;
				GCC_WARN_UNUSED_FUNCTION = YES;
				GCC_WARN_UNUSED_VARIABLE = YES;
				IPHONEOS_DEPLOYMENT_TARGET = 9.2;
				MTL_ENABLE_DEBUG_INFO = YES;
				ONLY_ACTIVE_ARCH = YES;
				SDKROOT = iphoneos;
				SWIFT_OPTIMIZATION_LEVEL = "-Onone";
			};
			name = Debug;
		};
		AC54F1651C80DE7E00EF6EDA /* Release */ = {
			isa = XCBuildConfiguration;
			buildSettings = {
				ALWAYS_SEARCH_USER_PATHS = NO;
				CLANG_CXX_LANGUAGE_STANDARD = "gnu++0x";
				CLANG_CXX_LIBRARY = "libc++";
				CLANG_ENABLE_MODULES = YES;
				CLANG_ENABLE_OBJC_ARC = YES;
				CLANG_WARN_BOOL_CONVERSION = YES;
				CLANG_WARN_CONSTANT_CONVERSION = YES;
				CLANG_WARN_DIRECT_OBJC_ISA_USAGE = YES_ERROR;
				CLANG_WARN_EMPTY_BODY = YES;
				CLANG_WARN_ENUM_CONVERSION = YES;
				CLANG_WARN_INT_CONVERSION = YES;
				CLANG_WARN_OBJC_ROOT_CLASS = YES_ERROR;
				CLANG_WARN_UNREACHABLE_CODE = YES;
				CLANG_WARN__DUPLICATE_METHOD_MATCH = YES;
				"CODE_SIGN_IDENTITY[sdk=iphoneos*]" = "iPhone Developer";
				COPY_PHASE_STRIP = NO;
				DEBUG_INFORMATION_FORMAT = "dwarf-with-dsym";
				ENABLE_NS_ASSERTIONS = NO;
				ENABLE_STRICT_OBJC_MSGSEND = YES;
				GCC_C_LANGUAGE_STANDARD = gnu99;
				GCC_NO_COMMON_BLOCKS = YES;
				GCC_WARN_64_TO_32_BIT_CONVERSION = YES;
				GCC_WARN_ABOUT_RETURN_TYPE = YES_ERROR;
				GCC_WARN_UNDECLARED_SELECTOR = YES;
				GCC_WARN_UNINITIALIZED_AUTOS = YES_AGGRESSIVE;
				GCC_WARN_UNUSED_FUNCTION = YES;
				GCC_WARN_UNUSED_VARIABLE = YES;
				IPHONEOS_DEPLOYMENT_TARGET = 9.2;
				MTL_ENABLE_DEBUG_INFO = NO;
				SDKROOT = iphoneos;
				VALIDATE_PRODUCT = YES;
			};
			name = Release;
		};
		AC54F1671C80DE7E00EF6EDA /* Debug */ = {
			isa = XCBuildConfiguration;
			buildSettings = {
				ASSETCATALOG_COMPILER_APPICON_NAME = AppIcon;
				INFOPLIST_FILE = App2/Info.plist;
				LD_RUNPATH_SEARCH_PATHS = "$(inherited) @executable_path/Frameworks";
				PRODUCT_BUNDLE_IDENTIFIER = app2.App2;
				PRODUCT_NAME = "$(TARGET_NAME)";
			};
			name = Debug;
		};
		AC54F1681C80DE7E00EF6EDA /* Release */ = {
			isa = XCBuildConfiguration;
			buildSettings = {
				ASSETCATALOG_COMPILER_APPICON_NAME = AppIcon;
				INFOPLIST_FILE = App2/Info.plist;
				LD_RUNPATH_SEARCH_PATHS = "$(inherited) @executable_path/Frameworks";
				PRODUCT_BUNDLE_IDENTIFIER = app2.App2;
				PRODUCT_NAME = "$(TARGET_NAME)";
			};
			name = Release;
		};
		AC54F16A1C80DE7E00EF6EDA /* Debug */ = {
			isa = XCBuildConfiguration;
			buildSettings = {
				BUNDLE_LOADER = "$(TEST_HOST)";
				INFOPLIST_FILE = App2Tests/Info.plist;
				LD_RUNPATH_SEARCH_PATHS = "$(inherited) @executable_path/Frameworks @loader_path/Frameworks";
				PRODUCT_BUNDLE_IDENTIFIER = app2.App2Tests;
				PRODUCT_NAME = "$(TARGET_NAME)";
				TEST_HOST = "$(BUILT_PRODUCTS_DIR)/App2.app/App2";
			};
			name = Debug;
		};
		AC54F16B1C80DE7E00EF6EDA /* Release */ = {
			isa = XCBuildConfiguration;
			buildSettings = {
				BUNDLE_LOADER = "$(TEST_HOST)";
				INFOPLIST_FILE = App2Tests/Info.plist;
				LD_RUNPATH_SEARCH_PATHS = "$(inherited) @executable_path/Frameworks @loader_path/Frameworks";
				PRODUCT_BUNDLE_IDENTIFIER = app2.App2Tests;
				PRODUCT_NAME = "$(TARGET_NAME)";
				TEST_HOST = "$(BUILT_PRODUCTS_DIR)/App2.app/App2";
			};
			name = Release;
		};
		AC54F16D1C80DE7E00EF6EDA /* Debug */ = {
			isa = XCBuildConfiguration;
			buildSettings = {
				INFOPLIST_FILE = App2UITests/Info.plist;
				LD_RUNPATH_SEARCH_PATHS = "$(inherited) @executable_path/Frameworks @loader_path/Frameworks";
				PRODUCT_BUNDLE_IDENTIFIER = app2.App2UITests;
				PRODUCT_NAME = "$(TARGET_NAME)";
				TEST_TARGET_NAME = App2;
				USES_XCTRUNNER = YES;
			};
			name = Debug;
		};
		AC54F16E1C80DE7E00EF6EDA /* Release */ = {
			isa = XCBuildConfiguration;
			buildSettings = {
				INFOPLIST_FILE = App2UITests/Info.plist;
				LD_RUNPATH_SEARCH_PATHS = "$(inherited) @executable_path/Frameworks @loader_path/Frameworks";
				PRODUCT_BUNDLE_IDENTIFIER = app2.App2UITests;
				PRODUCT_NAME = "$(TARGET_NAME)";
				TEST_TARGET_NAME = App2;
				USES_XCTRUNNER = YES;
			};
			name = Release;
		};
/* End XCBuildConfiguration section */

/* Begin XCConfigurationList section */
		AC54F1391C80DE7E00EF6EDA /* Build configuration list for PBXProject "App2" */ = {
			isa = XCConfigurationList;
			buildConfigurations = (
				AC54F1641C80DE7E00EF6EDA /* Debug */,
				AC54F1651C80DE7E00EF6EDA /* Release */,
			);
			defaultConfigurationIsVisible = 0;
			defaultConfigurationName = Release;
		};
		AC54F1661C80DE7E00EF6EDA /* Build configuration list for PBXNativeTarget "App2" */ = {
			isa = XCConfigurationList;
			buildConfigurations = (
				AC54F1671C80DE7E00EF6EDA /* Debug */,
				AC54F1681C80DE7E00EF6EDA /* Release */,
			);
			defaultConfigurationIsVisible = 0;
		};
		AC54F1691C80DE7E00EF6EDA /* Build configuration list for PBXNativeTarget "App2Tests" */ = {
			isa = XCConfigurationList;
			buildConfigurations = (
				AC54F16A1C80DE7E00EF6EDA /* Debug */,
				AC54F16B1C80DE7E00EF6EDA /* Release */,
			);
			defaultConfigurationIsVisible = 0;
		};
		AC54F16C1C80DE7E00EF6EDA /* Build configuration list for PBXNativeTarget "App2UITests" */ = {
			isa = XCConfigurationList;
			buildConfigurations = (
				AC54F16D1C80DE7E00EF6EDA /* Debug */,
				AC54F16E1C80DE7E00EF6EDA /* Release */,
			);
			defaultConfigurationIsVisible = 0;
		};
/* End XCConfigurationList section */
	};
	rootObject = AC54F1361C80DE7E00EF6EDA /* Project object */;
}
